
Microsoft Visual Studio Solution File, Format Version 12.00
# Visual Studio Version 17
VisualStudioVersion = 17.13.35818.85 d17.13
MinimumVisualStudioVersion = 10.0.40219.1
Project("{FAE04EC0-301F-11D3-BF4B-00C04F79EFBC}") = "study21", "study21\study21.csproj", "{37D39ADB-A8CC-418E-9A93-37963CCC6EEB}"
EndProject
Global
	GlobalSection(SolutionConfigurationPlatforms) = preSolution
		Debug|Any CPU = Debug|Any CPU
		Release|Any CPU = Release|Any CPU
	EndGlobalSection
	GlobalSection(ProjectConfigurationPlatforms) = postSolution
		{37D39ADB-A8CC-418E-9A93-37963CCC6EEB}.Debug|Any CPU.ActiveCfg = Debug|Any CPU
		{37D39ADB-A8CC-418E-9A93-37963CCC6EEB}.Debug|Any CPU.Build.0 = Debug|Any CPU
		{37D39ADB-A8CC-418E-9A93-37963CCC6EEB}.Release|Any CPU.ActiveCfg = Release|Any CPU
		{37D39ADB-A8CC-418E-9A93-37963CCC6EEB}.Release|Any CPU.Build.0 = Release|Any CPU
	EndGlobalSection
	GlobalSection(SolutionProperties) = preSolution
		HideSolutionNode = FALSE
	EndGlobalSection
	GlobalSection(ExtensibilityGlobals) = postSolution
		SolutionGuid = {6A03850C-6BA3-47AE-AC5C-905A1195592F}
	EndGlobalSection
EndGlobal
