
Microsoft Visual Studio Solution File, Format Version 12.00
# Visual Studio Version 17
VisualStudioVersion = 17.13.35818.85 d17.13
MinimumVisualStudioVersion = 10.0.40219.1
Project("{FAE04EC0-301F-11D3-BF4B-00C04F79EFBC}") = "study12", "study12\study12.csproj", "{A4929E75-858B-486E-97E0-2C7B958C4746}"
EndProject
Global
	GlobalSection(SolutionConfigurationPlatforms) = preSolution
		Debug|Any CPU = Debug|Any CPU
		Release|Any CPU = Release|Any CPU
	EndGlobalSection
	GlobalSection(ProjectConfigurationPlatforms) = postSolution
		{A4929E75-858B-486E-97E0-2C7B958C4746}.Debug|Any CPU.ActiveCfg = Debug|Any CPU
		{A4929E75-858B-486E-97E0-2C7B958C4746}.Debug|Any CPU.Build.0 = Debug|Any CPU
		{A4929E75-858B-486E-97E0-2C7B958C4746}.Release|Any CPU.ActiveCfg = Release|Any CPU
		{A4929E75-858B-486E-97E0-2C7B958C4746}.Release|Any CPU.Build.0 = Release|Any CPU
	EndGlobalSection
	GlobalSection(SolutionProperties) = preSolution
		HideSolutionNode = FALSE
	EndGlobalSection
	GlobalSection(ExtensibilityGlobals) = postSolution
		SolutionGuid = {DC8FDB85-FC32-44F9-B421-E9CD42360A61}
	EndGlobalSection
EndGlobal
