
Microsoft Visual Studio Solution File, Format Version 12.00
# Visual Studio Version 17
VisualStudioVersion = 17.13.35818.85 d17.13
MinimumVisualStudioVersion = 10.0.40219.1
Project("{FAE04EC0-301F-11D3-BF4B-00C04F79EFBC}") = "study14", "study14\study14.csproj", "{03E52E10-E427-481B-A2F6-485A7CAF3E10}"
EndProject
Global
	GlobalSection(SolutionConfigurationPlatforms) = preSolution
		Debug|Any CPU = Debug|Any CPU
		Release|Any CPU = Release|Any CPU
	EndGlobalSection
	GlobalSection(ProjectConfigurationPlatforms) = postSolution
		{03E52E10-E427-481B-A2F6-485A7CAF3E10}.Debug|Any CPU.ActiveCfg = Debug|Any CPU
		{03E52E10-E427-481B-A2F6-485A7CAF3E10}.Debug|Any CPU.Build.0 = Debug|Any CPU
		{03E52E10-E427-481B-A2F6-485A7CAF3E10}.Release|Any CPU.ActiveCfg = Release|Any CPU
		{03E52E10-E427-481B-A2F6-485A7CAF3E10}.Release|Any CPU.Build.0 = Release|Any CPU
	EndGlobalSection
	GlobalSection(SolutionProperties) = preSolution
		HideSolutionNode = FALSE
	EndGlobalSection
	GlobalSection(ExtensibilityGlobals) = postSolution
		SolutionGuid = {C36F7685-76F6-46B1-B575-3A749DF7FE6A}
	EndGlobalSection
EndGlobal
