
Microsoft Visual Studio Solution File, Format Version 12.00
# Visual Studio Version 17
VisualStudioVersion = 17.13.35818.85 d17.13
MinimumVisualStudioVersion = 10.0.40219.1
Project("{FAE04EC0-301F-11D3-BF4B-00C04F79EFBC}") = "LikeLion_1", "LikeLion_1\LikeLion_1.csproj", "{F28261AB-ABDA-42AC-8910-BB812B5C24F5}"
EndProject
Global
	GlobalSection(SolutionConfigurationPlatforms) = preSolution
		Debug|Any CPU = Debug|Any CPU
		Release|Any CPU = Release|Any CPU
	EndGlobalSection
	GlobalSection(ProjectConfigurationPlatforms) = postSolution
		{F28261AB-ABDA-42AC-8910-BB812B5C24F5}.Debug|Any CPU.ActiveCfg = Debug|Any CPU
		{F28261AB-ABDA-42AC-8910-BB812B5C24F5}.Debug|Any CPU.Build.0 = Debug|Any CPU
		{F28261AB-ABDA-42AC-8910-BB812B5C24F5}.Release|Any CPU.ActiveCfg = Release|Any CPU
		{F28261AB-ABDA-42AC-8910-BB812B5C24F5}.Release|Any CPU.Build.0 = Release|Any CPU
	EndGlobalSection
	GlobalSection(SolutionProperties) = preSolution
		HideSolutionNode = FALSE
	EndGlobalSection
	GlobalSection(ExtensibilityGlobals) = postSolution
		SolutionGuid = {65345359-B150-4D99-8373-4C2BA3AA4D78}
	EndGlobalSection
EndGlobal
