
Microsoft Visual Studio Solution File, Format Version 12.00
# Visual Studio Version 17
VisualStudioVersion = 17.13.35818.85 d17.13
MinimumVisualStudioVersion = 10.0.40219.1
Project("{FAE04EC0-301F-11D3-BF4B-00C04F79EFBC}") = "TodayTask1", "TodayTask1\TodayTask1.csproj", "{77A43751-A7CA-4D3C-8FE5-4702431888F3}"
EndProject
Global
	GlobalSection(SolutionConfigurationPlatforms) = preSolution
		Debug|Any CPU = Debug|Any CPU
		Release|Any CPU = Release|Any CPU
	EndGlobalSection
	GlobalSection(ProjectConfigurationPlatforms) = postSolution
		{77A43751-A7CA-4D3C-8FE5-4702431888F3}.Debug|Any CPU.ActiveCfg = Debug|Any CPU
		{77A43751-A7CA-4D3C-8FE5-4702431888F3}.Debug|Any CPU.Build.0 = Debug|Any CPU
		{77A43751-A7CA-4D3C-8FE5-4702431888F3}.Release|Any CPU.ActiveCfg = Release|Any CPU
		{77A43751-A7CA-4D3C-8FE5-4702431888F3}.Release|Any CPU.Build.0 = Release|Any CPU
	EndGlobalSection
	GlobalSection(SolutionProperties) = preSolution
		HideSolutionNode = FALSE
	EndGlobalSection
	GlobalSection(ExtensibilityGlobals) = postSolution
		SolutionGuid = {6A50FB8B-772D-457A-A34B-610A467C111E}
	EndGlobalSection
EndGlobal
