
Microsoft Visual Studio Solution File, Format Version 12.00
# Visual Studio Version 17
VisualStudioVersion = 17.13.35818.85 d17.13
MinimumVisualStudioVersion = 10.0.40219.1
Project("{FAE04EC0-301F-11D3-BF4B-00C04F79EFBC}") = "study11", "study11\study11.csproj", "{482EB9A3-3093-43EF-B33A-3B9443CCEFC9}"
EndProject
Global
	GlobalSection(SolutionConfigurationPlatforms) = preSolution
		Debug|Any CPU = Debug|Any CPU
		Release|Any CPU = Release|Any CPU
	EndGlobalSection
	GlobalSection(ProjectConfigurationPlatforms) = postSolution
		{482EB9A3-3093-43EF-B33A-3B9443CCEFC9}.Debug|Any CPU.ActiveCfg = Debug|Any CPU
		{482EB9A3-3093-43EF-B33A-3B9443CCEFC9}.Debug|Any CPU.Build.0 = Debug|Any CPU
		{482EB9A3-3093-43EF-B33A-3B9443CCEFC9}.Release|Any CPU.ActiveCfg = Release|Any CPU
		{482EB9A3-3093-43EF-B33A-3B9443CCEFC9}.Release|Any CPU.Build.0 = Release|Any CPU
	EndGlobalSection
	GlobalSection(SolutionProperties) = preSolution
		HideSolutionNode = FALSE
	EndGlobalSection
	GlobalSection(ExtensibilityGlobals) = postSolution
		SolutionGuid = {4A35DCAC-0E7D-4242-BADF-F31BEBA0535E}
	EndGlobalSection
EndGlobal
